
Microsoft Visual Studio Solution File, Format Version 12.00
# Visual Studio Version 17
VisualStudioVersion = 17.2.32526.322
MinimumVisualStudioVersion = 10.0.40219.1
Project("{FAE04EC0-301F-11D3-BF4B-00C04F79EFBC}") = "milady", "milady.csproj", "{5B94368F-C2A2-43C5-AF64-20980418C620}"
EndProject
Global
	GlobalSection(SolutionConfigurationPlatforms) = preSolution
		Debug|x64 = Debug|x64
		Release|x64 = Release|x64
	EndGlobalSection
	GlobalSection(ProjectConfigurationPlatforms) = postSolution
		{5B94368F-C2A2-43C5-AF64-20980418C620}.Debug|x64.ActiveCfg = Debug|x64
		{5B94368F-C2A2-43C5-AF64-20980418C620}.Debug|x64.Build.0 = Debug|x64
		{5B94368F-C2A2-43C5-AF64-20980418C620}.Release|x64.ActiveCfg = Release|x64
		{5B94368F-C2A2-43C5-AF64-20980418C620}.Release|x64.Build.0 = Release|x64
	EndGlobalSection
	GlobalSection(SolutionProperties) = preSolution
		HideSolutionNode = FALSE
	EndGlobalSection
	GlobalSection(ExtensibilityGlobals) = postSolution
		SolutionGuid = {A342AC49-A684-4C63-8592-2BD64E872587}
	EndGlobalSection
EndGlobal
